
Microsoft Visual Studio Solution File, Format Version 12.00
# Visual Studio 14
VisualStudioVersion = 14.0.25420.1
MinimumVisualStudioVersion = 10.0.40219.1
Project("{FAE04EC0-301F-11D3-BF4B-00C04F79EFBC}") = "JanHafner.GooKit.Common", "GooKit.Common\JanHafner.GooKit.Common.csproj", "{64F111C9-6151-4D44-BB22-22699B79DBCB}"
EndProject
Project("{FAE04EC0-301F-11D3-BF4B-00C04F79EFBC}") = "JanHafner.GooKit.Services", "GooKit.Services\JanHafner.GooKit.Services.csproj", "{555E822A-7A3A-46F1-AAEE-1507EFF87A0A}"
EndProject
Global
	GlobalSection(SolutionConfigurationPlatforms) = preSolution
		Debug|Any CPU = Debug|Any CPU
		Debug|Mixed Platforms = Debug|Mixed Platforms
		Debug|x86 = Debug|x86
		Release without Tracing|Any CPU = Release without Tracing|Any CPU
		Release without Tracing|Mixed Platforms = Release without Tracing|Mixed Platforms
		Release without Tracing|x86 = Release without Tracing|x86
		Release|Any CPU = Release|Any CPU
		Release|Mixed Platforms = Release|Mixed Platforms
		Release|x86 = Release|x86
	EndGlobalSection
	GlobalSection(ProjectConfigurationPlatforms) = postSolution
		{64F111C9-6151-4D44-BB22-22699B79DBCB}.Debug|Any CPU.ActiveCfg = Debug|Any CPU
		{64F111C9-6151-4D44-BB22-22699B79DBCB}.Debug|Any CPU.Build.0 = Debug|Any CPU
		{64F111C9-6151-4D44-BB22-22699B79DBCB}.Debug|Mixed Platforms.ActiveCfg = Debug|Any CPU
		{64F111C9-6151-4D44-BB22-22699B79DBCB}.Debug|Mixed Platforms.Build.0 = Debug|Any CPU
		{64F111C9-6151-4D44-BB22-22699B79DBCB}.Debug|x86.ActiveCfg = Debug|Any CPU
		{64F111C9-6151-4D44-BB22-22699B79DBCB}.Release without Tracing|Any CPU.ActiveCfg = Release|Any CPU
		{64F111C9-6151-4D44-BB22-22699B79DBCB}.Release without Tracing|Any CPU.Build.0 = Release|Any CPU
		{64F111C9-6151-4D44-BB22-22699B79DBCB}.Release without Tracing|Mixed Platforms.ActiveCfg = Release|Any CPU
		{64F111C9-6151-4D44-BB22-22699B79DBCB}.Release without Tracing|Mixed Platforms.Build.0 = Release|Any CPU
		{64F111C9-6151-4D44-BB22-22699B79DBCB}.Release without Tracing|x86.ActiveCfg = Release|Any CPU
		{64F111C9-6151-4D44-BB22-22699B79DBCB}.Release|Any CPU.ActiveCfg = Release|Any CPU
		{64F111C9-6151-4D44-BB22-22699B79DBCB}.Release|Any CPU.Build.0 = Release|Any CPU
		{64F111C9-6151-4D44-BB22-22699B79DBCB}.Release|Mixed Platforms.ActiveCfg = Release|Any CPU
		{64F111C9-6151-4D44-BB22-22699B79DBCB}.Release|Mixed Platforms.Build.0 = Release|Any CPU
		{64F111C9-6151-4D44-BB22-22699B79DBCB}.Release|x86.ActiveCfg = Release|Any CPU
		{555E822A-7A3A-46F1-AAEE-1507EFF87A0A}.Debug|Any CPU.ActiveCfg = Debug|Any CPU
		{555E822A-7A3A-46F1-AAEE-1507EFF87A0A}.Debug|Any CPU.Build.0 = Debug|Any CPU
		{555E822A-7A3A-46F1-AAEE-1507EFF87A0A}.Debug|Mixed Platforms.ActiveCfg = Debug|Any CPU
		{555E822A-7A3A-46F1-AAEE-1507EFF87A0A}.Debug|Mixed Platforms.Build.0 = Debug|Any CPU
		{555E822A-7A3A-46F1-AAEE-1507EFF87A0A}.Debug|x86.ActiveCfg = Debug|Any CPU
		{555E822A-7A3A-46F1-AAEE-1507EFF87A0A}.Release without Tracing|Any CPU.ActiveCfg = Release|Any CPU
		{555E822A-7A3A-46F1-AAEE-1507EFF87A0A}.Release without Tracing|Any CPU.Build.0 = Release|Any CPU
		{555E822A-7A3A-46F1-AAEE-1507EFF87A0A}.Release without Tracing|Mixed Platforms.ActiveCfg = Release|Any CPU
		{555E822A-7A3A-46F1-AAEE-1507EFF87A0A}.Release without Tracing|Mixed Platforms.Build.0 = Release|Any CPU
		{555E822A-7A3A-46F1-AAEE-1507EFF87A0A}.Release without Tracing|x86.ActiveCfg = Release|Any CPU
		{555E822A-7A3A-46F1-AAEE-1507EFF87A0A}.Release|Any CPU.ActiveCfg = Release|Any CPU
		{555E822A-7A3A-46F1-AAEE-1507EFF87A0A}.Release|Any CPU.Build.0 = Release|Any CPU
		{555E822A-7A3A-46F1-AAEE-1507EFF87A0A}.Release|Mixed Platforms.ActiveCfg = Release|Any CPU
		{555E822A-7A3A-46F1-AAEE-1507EFF87A0A}.Release|Mixed Platforms.Build.0 = Release|Any CPU
		{555E822A-7A3A-46F1-AAEE-1507EFF87A0A}.Release|x86.ActiveCfg = Release|Any CPU
	EndGlobalSection
	GlobalSection(SolutionProperties) = preSolution
		HideSolutionNode = FALSE
	EndGlobalSection
EndGlobal
